
Microsoft Visual Studio Solution File, Format Version 12.00
# Visual Studio Version 16
VisualStudioVersion = 16.0.30711.63
MinimumVisualStudioVersion = 10.0.40219.1
Project("{FAE04EC0-301F-11D3-BF4B-00C04F79EFBC}") = "CabinetVeterinarPS", "CabinetVeterinarPS\CabinetVeterinarPS.csproj", "{345505DB-16EA-405F-852D-8ECCB0E76553}"
EndProject
Global
	GlobalSection(SolutionConfigurationPlatforms) = preSolution
		Debug|Any CPU = Debug|Any CPU
		Release|Any CPU = Release|Any CPU
	EndGlobalSection
	GlobalSection(ProjectConfigurationPlatforms) = postSolution
		{345505DB-16EA-405F-852D-8ECCB0E76553}.Debug|Any CPU.ActiveCfg = Debug|Any CPU
		{345505DB-16EA-405F-852D-8ECCB0E76553}.Debug|Any CPU.Build.0 = Debug|Any CPU
		{345505DB-16EA-405F-852D-8ECCB0E76553}.Release|Any CPU.ActiveCfg = Release|Any CPU
		{345505DB-16EA-405F-852D-8ECCB0E76553}.Release|Any CPU.Build.0 = Release|Any CPU
	EndGlobalSection
	GlobalSection(SolutionProperties) = preSolution
		HideSolutionNode = FALSE
	EndGlobalSection
	GlobalSection(ExtensibilityGlobals) = postSolution
		SolutionGuid = {A1BEB13E-9F92-4436-ACBD-909080B731BC}
	EndGlobalSection
EndGlobal
